{
  "name": "vuetest",
  "lockfileVersion": 2,
  "requires": true,
  "packages": {
    "": {
      "dependencies": {
        "@primer/css": "^21.0.1"
      }
    },
    "node_modules/@github/auto-check-element": {
      "version": "5.4.0",
      "resolved": "https://registry.npmjs.org/@github/auto-check-element/-/auto-check-element-5.4.0.tgz",
      "integrity": "sha512-yCAnw+3H5eyyzWeaPx8uD0P9fzSQ8SjhQ0dmSvFzPStJC6cG9kbIqu8hBlmC+TRONd9eJj+z0oIwbbeAHKpo6w==",
      "dependencies": {
        "@github/mini-throttle": "^2.1.0"
      }
    },
    "node_modules/@github/auto-complete-element": {
      "version": "3.5.0",
      "resolved": "https://registry.npmjs.org/@github/auto-complete-element/-/auto-complete-element-3.5.0.tgz",
      "integrity": "sha512-ZxGm9hlaK01FUlV7lP8PFxLov3HFdLIbM6zMPSTrPp0RPrub6gWXRplAPShh/MAECVYTwXKGPL9oOWhTt53mMg==",
      "dependencies": {
        "@github/combobox-nav": "^2.1.7"
      }
    },
    "node_modules/@github/catalyst": {
      "version": "1.6.0",
      "resolved": "https://registry.npmjs.org/@github/catalyst/-/catalyst-1.6.0.tgz",
      "integrity": "sha512-u8A+DameixqpeyHzvnJWTGj+wfiskQOYHzSiJscCWVfMkIT3rxnbHMtGh3lMthaRY21nbUOK71WcsCnCrXhBJQ=="
    },
    "node_modules/@github/clipboard-copy-element": {
      "version": "1.1.2",
      "resolved": "https://registry.npmjs.org/@github/clipboard-copy-element/-/clipboard-copy-element-1.1.2.tgz",
      "integrity": "sha512-L6CMrcA5we0udafvoSuRCE/Ci/3xrLWKYRGup2IlhxF771bQYsQ2EB1of182pI8ZWM4oxgwzu37+igMeoZjN/A=="
    },
    "node_modules/@github/combobox-nav": {
      "version": "2.1.7",
      "resolved": "https://registry.npmjs.org/@github/combobox-nav/-/combobox-nav-2.1.7.tgz",
      "integrity": "sha512-Webx0W5iTpkk5Chy9dB/1BEUORQ0qrwui8HaaVBiy75W2VOJg96WTuKj1rXENAJ3XTMhdEF53bn0LYfvP0EKvg=="
    },
    "node_modules/@github/details-menu-element": {
      "version": "1.0.13",
      "resolved": "https://registry.npmjs.org/@github/details-menu-element/-/details-menu-element-1.0.13.tgz",
      "integrity": "sha512-gMkii86w/oUP5dq8yOWZn1sgbgtFj3AYETxxtpsqRggZktgd8te4+npAn4Hm+936c/lxmEzXqfjARL/CzGR4+w=="
    },
    "node_modules/@github/image-crop-element": {
      "version": "5.0.0",
      "resolved": "https://registry.npmjs.org/@github/image-crop-element/-/image-crop-element-5.0.0.tgz",
      "integrity": "sha512-Vgm2OwWAs1ESoib/t5sjxsAYo6YTOxxAjWDRxswX7qrqoyCejTZ3hshdo4Ep5e+Mz/GVTZC3rdMtg06dk/eT4g=="
    },
    "node_modules/@github/include-fragment-element": {
      "version": "6.1.1",
      "resolved": "https://registry.npmjs.org/@github/include-fragment-element/-/include-fragment-element-6.1.1.tgz",
      "integrity": "sha512-JTRVhMJlgcojYjj/bBuWKaYa2EQL3CvmdIkEiOeZUuu1xjutBaSEhpONL1MBAT77zUOy6VwniKjZGQn1IT7dbg=="
    },
    "node_modules/@github/mini-throttle": {
      "version": "2.1.0",
      "resolved": "https://registry.npmjs.org/@github/mini-throttle/-/mini-throttle-2.1.0.tgz",
      "integrity": "sha512-iEeR2OdVCPkdIPUszL8gJnKNu4MR8ANh7y0u/LPyaatYezgaWxUZEzhFntloqQq+HE6MZkFy+cl+xzCNuljOdw=="
    },
    "node_modules/@github/relative-time-element": {
      "version": "4.3.0",
      "resolved": "https://registry.npmjs.org/@github/relative-time-element/-/relative-time-element-4.3.0.tgz",
      "integrity": "sha512-+tFjX9//HRS1HnBa5cNgfEtE52arwiutYg1TOF+Trk40SPxst9Q8Rtc3BKD6aKsvfbtub68vfhipgchGjj9o7g=="
    },
    "node_modules/@github/tab-container-element": {
      "version": "3.2.0",
      "resolved": "https://registry.npmjs.org/@github/tab-container-element/-/tab-container-element-3.2.0.tgz",
      "integrity": "sha512-to5ZJuywKK3KX53X1ifOcWjvUTQcBGdQ6Qkhm8L97xQ3ovICag1048M3YMpc+QSdr8xWeCBMnLeMnENqotB0Og=="
    },
    "node_modules/@oddbird/popover-polyfill": {
      "version": "0.1.1",
      "resolved": "https://registry.npmjs.org/@oddbird/popover-polyfill/-/popover-polyfill-0.1.1.tgz",
      "integrity": "sha512-X9gxiwKtN1ZumOoe9KRLpe37nshLtwHm/IJflIxgjanXz/FqKb0DQ7BlWu+iqUn/O0/jWYgkKnTLtsC9JlgwQg=="
    },
    "node_modules/@primer/behaviors": {
      "version": "1.3.4",
      "resolved": "https://registry.npmjs.org/@primer/behaviors/-/behaviors-1.3.4.tgz",
      "integrity": "sha512-j6PhkDD1IdL9xrlKbUQ3YEM74B7Fgr1mIZJ6JaYJjM1Mvdutd/nBouM8SnwFZdBBbS+ZRfGhnx3plr833Pvf1Q=="
    },
    "node_modules/@primer/css": {
      "version": "21.0.1",
      "resolved": "https://registry.npmjs.org/@primer/css/-/css-21.0.1.tgz",
      "integrity": "sha512-yHBDYnNQk0W7e3h0Eadh/RCbPl4WEvuO5dwj/qLE/kZodBn7JGhU7xMQKDnj37ck27dS311ngXUuLH42s3wXBw==",
      "dependencies": {
        "@primer/primitives": "^7.11.7",
        "@primer/view-components": "^0.1.0"
      },
      "engines": {
        "node": "^12.20.0 || ^14.13.1 || >=16.0.0"
      }
    },
    "node_modules/@primer/primitives": {
      "version": "7.11.10",
      "resolved": "https://registry.npmjs.org/@primer/primitives/-/primitives-7.11.10.tgz",
      "integrity": "sha512-KwChxyp4qbLojZx5Nz8RUElM9K+ObzZWvzkYEu76TC4qEsqb9wW7n78jyov5WhUh5+qj2Qac1iCsPfeTQG5YBw=="
    },
    "node_modules/@primer/view-components": {
      "version": "0.1.9",
      "resolved": "https://registry.npmjs.org/@primer/view-components/-/view-components-0.1.9.tgz",
      "integrity": "sha512-LtqJBkTMS+odYXqKhOZxBvyAAlXTA+C6o3eXDQN8Nwmja48SKAlFrwb+HpXLvgpbbDg1eY2LKmypokv44dl0Uw==",
      "dependencies": {
        "@github/auto-check-element": "^5.2.0",
        "@github/auto-complete-element": "^3.3.4",
        "@github/catalyst": "^1.6.0",
        "@github/clipboard-copy-element": "^1.1.2",
        "@github/details-menu-element": "^1.0.12",
        "@github/image-crop-element": "^5.0.0",
        "@github/include-fragment-element": "^6.1.1",
        "@github/mini-throttle": "^2.1.0",
        "@github/relative-time-element": "^4.0.0",
        "@github/tab-container-element": "^3.1.2",
        "@oddbird/popover-polyfill": "^0.1.1",
        "@primer/behaviors": "^1.3.4"
      }
    }
  },
  "dependencies": {
    "@github/auto-check-element": {
      "version": "5.4.0",
      "resolved": "https://registry.npmjs.org/@github/auto-check-element/-/auto-check-element-5.4.0.tgz",
      "integrity": "sha512-yCAnw+3H5eyyzWeaPx8uD0P9fzSQ8SjhQ0dmSvFzPStJC6cG9kbIqu8hBlmC+TRONd9eJj+z0oIwbbeAHKpo6w==",
      "requires": {
        "@github/mini-throttle": "^2.1.0"
      }
    },
    "@github/auto-complete-element": {
      "version": "3.5.0",
      "resolved": "https://registry.npmjs.org/@github/auto-complete-element/-/auto-complete-element-3.5.0.tgz",
      "integrity": "sha512-ZxGm9hlaK01FUlV7lP8PFxLov3HFdLIbM6zMPSTrPp0RPrub6gWXRplAPShh/MAECVYTwXKGPL9oOWhTt53mMg==",
      "requires": {
        "@github/combobox-nav": "^2.1.7"
      }
    },
    "@github/catalyst": {
      "version": "1.6.0",
      "resolved": "https://registry.npmjs.org/@github/catalyst/-/catalyst-1.6.0.tgz",
      "integrity": "sha512-u8A+DameixqpeyHzvnJWTGj+wfiskQOYHzSiJscCWVfMkIT3rxnbHMtGh3lMthaRY21nbUOK71WcsCnCrXhBJQ=="
    },
    "@github/clipboard-copy-element": {
      "version": "1.1.2",
      "resolved": "https://registry.npmjs.org/@github/clipboard-copy-element/-/clipboard-copy-element-1.1.2.tgz",
      "integrity": "sha512-L6CMrcA5we0udafvoSuRCE/Ci/3xrLWKYRGup2IlhxF771bQYsQ2EB1of182pI8ZWM4oxgwzu37+igMeoZjN/A=="
    },
    "@github/combobox-nav": {
      "version": "2.1.7",
      "resolved": "https://registry.npmjs.org/@github/combobox-nav/-/combobox-nav-2.1.7.tgz",
      "integrity": "sha512-Webx0W5iTpkk5Chy9dB/1BEUORQ0qrwui8HaaVBiy75W2VOJg96WTuKj1rXENAJ3XTMhdEF53bn0LYfvP0EKvg=="
    },
    "@github/details-menu-element": {
      "version": "1.0.13",
      "resolved": "https://registry.npmjs.org/@github/details-menu-element/-/details-menu-element-1.0.13.tgz",
      "integrity": "sha512-gMkii86w/oUP5dq8yOWZn1sgbgtFj3AYETxxtpsqRggZktgd8te4+npAn4Hm+936c/lxmEzXqfjARL/CzGR4+w=="
    },
    "@github/image-crop-element": {
      "version": "5.0.0",
      "resolved": "https://registry.npmjs.org/@github/image-crop-element/-/image-crop-element-5.0.0.tgz",
      "integrity": "sha512-Vgm2OwWAs1ESoib/t5sjxsAYo6YTOxxAjWDRxswX7qrqoyCejTZ3hshdo4Ep5e+Mz/GVTZC3rdMtg06dk/eT4g=="
    },
    "@github/include-fragment-element": {
      "version": "6.1.1",
      "resolved": "https://registry.npmjs.org/@github/include-fragment-element/-/include-fragment-element-6.1.1.tgz",
      "integrity": "sha512-JTRVhMJlgcojYjj/bBuWKaYa2EQL3CvmdIkEiOeZUuu1xjutBaSEhpONL1MBAT77zUOy6VwniKjZGQn1IT7dbg=="
    },
    "@github/mini-throttle": {
      "version": "2.1.0",
      "resolved": "https://registry.npmjs.org/@github/mini-throttle/-/mini-throttle-2.1.0.tgz",
      "integrity": "sha512-iEeR2OdVCPkdIPUszL8gJnKNu4MR8ANh7y0u/LPyaatYezgaWxUZEzhFntloqQq+HE6MZkFy+cl+xzCNuljOdw=="
    },
    "@github/relative-time-element": {
      "version": "4.3.0",
      "resolved": "https://registry.npmjs.org/@github/relative-time-element/-/relative-time-element-4.3.0.tgz",
      "integrity": "sha512-+tFjX9//HRS1HnBa5cNgfEtE52arwiutYg1TOF+Trk40SPxst9Q8Rtc3BKD6aKsvfbtub68vfhipgchGjj9o7g=="
    },
    "@github/tab-container-element": {
      "version": "3.2.0",
      "resolved": "https://registry.npmjs.org/@github/tab-container-element/-/tab-container-element-3.2.0.tgz",
      "integrity": "sha512-to5ZJuywKK3KX53X1ifOcWjvUTQcBGdQ6Qkhm8L97xQ3ovICag1048M3YMpc+QSdr8xWeCBMnLeMnENqotB0Og=="
    },
    "@oddbird/popover-polyfill": {
      "version": "0.1.1",
      "resolved": "https://registry.npmjs.org/@oddbird/popover-polyfill/-/popover-polyfill-0.1.1.tgz",
      "integrity": "sha512-X9gxiwKtN1ZumOoe9KRLpe37nshLtwHm/IJflIxgjanXz/FqKb0DQ7BlWu+iqUn/O0/jWYgkKnTLtsC9JlgwQg=="
    },
    "@primer/behaviors": {
      "version": "1.3.4",
      "resolved": "https://registry.npmjs.org/@primer/behaviors/-/behaviors-1.3.4.tgz",
      "integrity": "sha512-j6PhkDD1IdL9xrlKbUQ3YEM74B7Fgr1mIZJ6JaYJjM1Mvdutd/nBouM8SnwFZdBBbS+ZRfGhnx3plr833Pvf1Q=="
    },
    "@primer/css": {
      "version": "21.0.1",
      "resolved": "https://registry.npmjs.org/@primer/css/-/css-21.0.1.tgz",
      "integrity": "sha512-yHBDYnNQk0W7e3h0Eadh/RCbPl4WEvuO5dwj/qLE/kZodBn7JGhU7xMQKDnj37ck27dS311ngXUuLH42s3wXBw==",
      "requires": {
        "@primer/primitives": "^7.11.7",
        "@primer/view-components": "^0.1.0"
      }
    },
    "@primer/primitives": {
      "version": "7.11.10",
      "resolved": "https://registry.npmjs.org/@primer/primitives/-/primitives-7.11.10.tgz",
      "integrity": "sha512-KwChxyp4qbLojZx5Nz8RUElM9K+ObzZWvzkYEu76TC4qEsqb9wW7n78jyov5WhUh5+qj2Qac1iCsPfeTQG5YBw=="
    },
    "@primer/view-components": {
      "version": "0.1.9",
      "resolved": "https://registry.npmjs.org/@primer/view-components/-/view-components-0.1.9.tgz",
      "integrity": "sha512-LtqJBkTMS+odYXqKhOZxBvyAAlXTA+C6o3eXDQN8Nwmja48SKAlFrwb+HpXLvgpbbDg1eY2LKmypokv44dl0Uw==",
      "requires": {
        "@github/auto-check-element": "^5.2.0",
        "@github/auto-complete-element": "^3.3.4",
        "@github/catalyst": "^1.6.0",
        "@github/clipboard-copy-element": "^1.1.2",
        "@github/details-menu-element": "^1.0.12",
        "@github/image-crop-element": "^5.0.0",
        "@github/include-fragment-element": "^6.1.1",
        "@github/mini-throttle": "^2.1.0",
        "@github/relative-time-element": "^4.0.0",
        "@github/tab-container-element": "^3.1.2",
        "@oddbird/popover-polyfill": "^0.1.1",
        "@primer/behaviors": "^1.3.4"
      }
    }
  }
}
